
Microsoft Visual Studio Solution File, Format Version 12.00
# Visual Studio Version 16
VisualStudioVersion = 16.0.29025.244
MinimumVisualStudioVersion = 10.0.40219.1
Project("{9A19103F-16F7-4668-BE54-9A1E7A4F7556}") = "ApiGateway", "ApiGateway\ApiGateway.csproj", "{BCF4A196-9936-4C92-92EF-358EE3C26E04}"
EndProject
Project("{9A19103F-16F7-4668-BE54-9A1E7A4F7556}") = "AccountService", "AccountService\AccountService.csproj", "{715B33F9-E8F3-4F39-93D2-AA010242DE17}"
EndProject
Project("{9A19103F-16F7-4668-BE54-9A1E7A4F7556}") = "TransactionService", "TransactionService\TransactionService.csproj", "{B6C5FC11-0C51-404E-AF6C-634EB76F4A5B}"
EndProject
Project("{9A19103F-16F7-4668-BE54-9A1E7A4F7556}") = "CustomerService", "CustomerService\CustomerService.csproj", "{5CDFC33D-34CF-4D7F-BAB5-9504DDD18651}"
EndProject
Project("{E53339B2-1760-4266-BCC7-CA923CBCF16C}") = "docker-compose", "docker-compose.dcproj", "{068DE59D-A8A6-4CBD-BBF4-F7E3A88AAACD}"
EndProject
Project("{FAE04EC0-301F-11D3-BF4B-00C04F79EFBC}") = "LoggingService", "LoggingService\LoggingService.csproj", "{D56FE5A7-0F36-453D-9B46-B18141440972}"
EndProject
Global
	GlobalSection(SolutionConfigurationPlatforms) = preSolution
		Debug|Any CPU = Debug|Any CPU
		Release|Any CPU = Release|Any CPU
	EndGlobalSection
	GlobalSection(ProjectConfigurationPlatforms) = postSolution
		{BCF4A196-9936-4C92-92EF-358EE3C26E04}.Debug|Any CPU.ActiveCfg = Debug|Any CPU
		{BCF4A196-9936-4C92-92EF-358EE3C26E04}.Debug|Any CPU.Build.0 = Debug|Any CPU
		{BCF4A196-9936-4C92-92EF-358EE3C26E04}.Release|Any CPU.ActiveCfg = Release|Any CPU
		{BCF4A196-9936-4C92-92EF-358EE3C26E04}.Release|Any CPU.Build.0 = Release|Any CPU
		{715B33F9-E8F3-4F39-93D2-AA010242DE17}.Debug|Any CPU.ActiveCfg = Debug|Any CPU
		{715B33F9-E8F3-4F39-93D2-AA010242DE17}.Debug|Any CPU.Build.0 = Debug|Any CPU
		{715B33F9-E8F3-4F39-93D2-AA010242DE17}.Release|Any CPU.ActiveCfg = Release|Any CPU
		{715B33F9-E8F3-4F39-93D2-AA010242DE17}.Release|Any CPU.Build.0 = Release|Any CPU
		{B6C5FC11-0C51-404E-AF6C-634EB76F4A5B}.Debug|Any CPU.ActiveCfg = Debug|Any CPU
		{B6C5FC11-0C51-404E-AF6C-634EB76F4A5B}.Debug|Any CPU.Build.0 = Debug|Any CPU
		{B6C5FC11-0C51-404E-AF6C-634EB76F4A5B}.Release|Any CPU.ActiveCfg = Release|Any CPU
		{B6C5FC11-0C51-404E-AF6C-634EB76F4A5B}.Release|Any CPU.Build.0 = Release|Any CPU
		{5CDFC33D-34CF-4D7F-BAB5-9504DDD18651}.Debug|Any CPU.ActiveCfg = Debug|Any CPU
		{5CDFC33D-34CF-4D7F-BAB5-9504DDD18651}.Debug|Any CPU.Build.0 = Debug|Any CPU
		{5CDFC33D-34CF-4D7F-BAB5-9504DDD18651}.Release|Any CPU.ActiveCfg = Release|Any CPU
		{5CDFC33D-34CF-4D7F-BAB5-9504DDD18651}.Release|Any CPU.Build.0 = Release|Any CPU
		{068DE59D-A8A6-4CBD-BBF4-F7E3A88AAACD}.Debug|Any CPU.ActiveCfg = Debug|Any CPU
		{068DE59D-A8A6-4CBD-BBF4-F7E3A88AAACD}.Debug|Any CPU.Build.0 = Debug|Any CPU
		{068DE59D-A8A6-4CBD-BBF4-F7E3A88AAACD}.Release|Any CPU.ActiveCfg = Release|Any CPU
		{068DE59D-A8A6-4CBD-BBF4-F7E3A88AAACD}.Release|Any CPU.Build.0 = Release|Any CPU
		{D56FE5A7-0F36-453D-9B46-B18141440972}.Debug|Any CPU.ActiveCfg = Debug|Any CPU
		{D56FE5A7-0F36-453D-9B46-B18141440972}.Debug|Any CPU.Build.0 = Debug|Any CPU
		{D56FE5A7-0F36-453D-9B46-B18141440972}.Release|Any CPU.ActiveCfg = Release|Any CPU
		{D56FE5A7-0F36-453D-9B46-B18141440972}.Release|Any CPU.Build.0 = Release|Any CPU
	EndGlobalSection
	GlobalSection(SolutionProperties) = preSolution
		HideSolutionNode = FALSE
	EndGlobalSection
	GlobalSection(ExtensibilityGlobals) = postSolution
		SolutionGuid = {6A4D91F5-7429-4E35-B3A2-0D83AC58B8D5}
	EndGlobalSection
EndGlobal
